// !$*UTF8*$!
{
	archiveVersion = 1;
	classes = {
	};
	objectVersion = 46;
	objects = {

/* Begin PBXBuildFile section */
		93016C351EEBEF3A00769B70 /* setpin@2x.png in Resources */ = {isa = PBXBuildFile; fileRef = 93016C321EEBEF3A00769B70 /* setpin@2x.png */; };
		93016C361EEBEF3A00769B70 /* mobile@2x.png in Resources */ = {isa = PBXBuildFile; fileRef = 93016C331EEBEF3A00769B70 /* mobile@2x.png */; };
		93016C371EEBEF3A00769B70 /* confirm-setpin@2x.png in Resources */ = {isa = PBXBuildFile; fileRef = 93016C341EEBEF3A00769B70 /* confirm-setpin@2x.png */; };
		93016C391EEBF10E00769B70 /* kids-blue@2x.png in Resources */ = {isa = PBXBuildFile; fileRef = 93016C381EEBF10E00769B70 /* kids-blue@2x.png */; };
		931053821EC9A8550032AFC5 /* NewKidViewController.m in Sources */ = {isa = PBXBuildFile; fileRef = 931053811EC9A8550032AFC5 /* NewKidViewController.m */; };
		931053851EC9C25A0032AFC5 /* StartViewController.m in Sources */ = {isa = PBXBuildFile; fileRef = 931053841EC9C25A0032AFC5 /* StartViewController.m */; };
		9346AB251EBF273B004B4396 /* Reachability.m in Sources */ = {isa = PBXBuildFile; fileRef = 9346AB241EBF273B004B4396 /* Reachability.m */; };
		9360EAB01EE2D98000ABFAC2 /* EnterPinViewController.m in Sources */ = {isa = PBXBuildFile; fileRef = 9360EAAF1EE2D97F00ABFAC2 /* EnterPinViewController.m */; };
		9360EAC11EE2DA0C00ABFAC2 /* THPinInputCirclesView.m in Sources */ = {isa = PBXBuildFile; fileRef = 9360EAB31EE2DA0C00ABFAC2 /* THPinInputCirclesView.m */; };
		9360EAC21EE2DA0C00ABFAC2 /* THPinInputCircleView.m in Sources */ = {isa = PBXBuildFile; fileRef = 9360EAB51EE2DA0C00ABFAC2 /* THPinInputCircleView.m */; };
		9360EAC31EE2DA0C00ABFAC2 /* THPinNumButton.m in Sources */ = {isa = PBXBuildFile; fileRef = 9360EAB71EE2DA0C00ABFAC2 /* THPinNumButton.m */; };
		9360EAC41EE2DA0C00ABFAC2 /* THPinNumPadView.m in Sources */ = {isa = PBXBuildFile; fileRef = 9360EAB91EE2DA0C00ABFAC2 /* THPinNumPadView.m */; };
		9360EAC51EE2DA0C00ABFAC2 /* THPinView.m in Sources */ = {isa = PBXBuildFile; fileRef = 9360EABB1EE2DA0C00ABFAC2 /* THPinView.m */; };
		9360EAC61EE2DA0C00ABFAC2 /* THPinViewController.bundle in Resources */ = {isa = PBXBuildFile; fileRef = 9360EABC1EE2DA0C00ABFAC2 /* THPinViewController.bundle */; };
		9360EAC71EE2DA0C00ABFAC2 /* THPinViewController.m in Sources */ = {isa = PBXBuildFile; fileRef = 9360EABE1EE2DA0C00ABFAC2 /* THPinViewController.m */; };
		9360EAC81EE2DA0C00ABFAC2 /* UIImage+ImageEffects.m in Sources */ = {isa = PBXBuildFile; fileRef = 9360EAC01EE2DA0C00ABFAC2 /* UIImage+ImageEffects.m */; };
		9360EACB1EE3D73700ABFAC2 /* LocalAuthentication.framework in Frameworks */ = {isa = PBXBuildFile; fileRef = 9360EACA1EE3D73700ABFAC2 /* LocalAuthentication.framework */; };
		9360EACE1EE6C5BD00ABFAC2 /* BaseViewController.m in Sources */ = {isa = PBXBuildFile; fileRef = 9360EACD1EE6C5B900ABFAC2 /* BaseViewController.m */; };
		936136C01EB4F99500ABC921 /* main.m in Sources */ = {isa = PBXBuildFile; fileRef = 936136BF1EB4F99500ABC921 /* main.m */; };
		936136C31EB4F99500ABC921 /* AppDelegate.m in Sources */ = {isa = PBXBuildFile; fileRef = 936136C21EB4F99500ABC921 /* AppDelegate.m */; };
		936136C91EB4F99600ABC921 /* Main.storyboard in Resources */ = {isa = PBXBuildFile; fileRef = 936136C71EB4F99600ABC921 /* Main.storyboard */; };
		936136CB1EB4F99600ABC921 /* Assets.xcassets in Resources */ = {isa = PBXBuildFile; fileRef = 936136CA1EB4F99600ABC921 /* Assets.xcassets */; };
		936136CE1EB4F99600ABC921 /* LaunchScreen.storyboard in Resources */ = {isa = PBXBuildFile; fileRef = 936136CC1EB4F99600ABC921 /* LaunchScreen.storyboard */; };
		936136D91EB4F99700ABC921 /* SSATests.m in Sources */ = {isa = PBXBuildFile; fileRef = 936136D81EB4F99700ABC921 /* SSATests.m */; };
		936136E41EB4F99800ABC921 /* SSAUITests.m in Sources */ = {isa = PBXBuildFile; fileRef = 936136E31EB4F99800ABC921 /* SSAUITests.m */; };
		936136F41EB58C1C00ABC921 /* LoginViewController.m in Sources */ = {isa = PBXBuildFile; fileRef = 936136F31EB58C1C00ABC921 /* LoginViewController.m */; };
		9364A1CC1EB8849F00337893 /* SharedManager.m in Sources */ = {isa = PBXBuildFile; fileRef = 9364A1CB1EB8849F00337893 /* SharedManager.m */; };
		9364A1CE1EB891A700337893 /* Logo_for_App@2x.png in Resources */ = {isa = PBXBuildFile; fileRef = 9364A1CD1EB891A700337893 /* Logo_for_App@2x.png */; };
		9364A1D11EB8947E00337893 /* pswd@2x.png in Resources */ = {isa = PBXBuildFile; fileRef = 9364A1CF1EB8947E00337893 /* pswd@2x.png */; };
		9364A1D21EB8947E00337893 /* user@2x.png in Resources */ = {isa = PBXBuildFile; fileRef = 9364A1D01EB8947E00337893 /* user@2x.png */; };
		9364A1D41EB899F200337893 /* addKids@2x.png in Resources */ = {isa = PBXBuildFile; fileRef = 9364A1D31EB899F200337893 /* addKids@2x.png */; };
		9364A1D61EB89A2300337893 /* Add-Circle@2x.png in Resources */ = {isa = PBXBuildFile; fileRef = 9364A1D51EB89A2300337893 /* Add-Circle@2x.png */; };
		9364A1D81EB89A6D00337893 /* List-of-Kids@2x.png in Resources */ = {isa = PBXBuildFile; fileRef = 9364A1D71EB89A6D00337893 /* List-of-Kids@2x.png */; };
		9364A1DA1EB89A9B00337893 /* Kid-Profile-Blue@2x.png in Resources */ = {isa = PBXBuildFile; fileRef = 9364A1D91EB89A9B00337893 /* Kid-Profile-Blue@2x.png */; };
		9364A1DC1EB89B3600337893 /* Kid-Profile-Black@2x.png in Resources */ = {isa = PBXBuildFile; fileRef = 9364A1DB1EB89B3600337893 /* Kid-Profile-Black@2x.png */; };
		9364A1DE1EB89BE700337893 /* List-of-Schools@2x.png in Resources */ = {isa = PBXBuildFile; fileRef = 9364A1DD1EB89BE700337893 /* List-of-Schools@2x.png */; };
		9364A1E01EB89C2500337893 /* List-of-Schools-Black@2x.png in Resources */ = {isa = PBXBuildFile; fileRef = 9364A1DF1EB89C2500337893 /* List-of-Schools-Black@2x.png */; };
		9364A1E21EB89C6B00337893 /* activity@2x.png in Resources */ = {isa = PBXBuildFile; fileRef = 9364A1E11EB89C6B00337893 /* activity@2x.png */; };
		9364A1E51EB89DAD00337893 /* addSchool-black-Active@2x.png in Resources */ = {isa = PBXBuildFile; fileRef = 9364A1E31EB89DAD00337893 /* addSchool-black-Active@2x.png */; };
		9364A1E61EB89DAD00337893 /* addSchool-black@2x.png in Resources */ = {isa = PBXBuildFile; fileRef = 9364A1E41EB89DAD00337893 /* addSchool-black@2x.png */; };
		9364A1E91EB89DCD00337893 /* confirmSchool-black-Active@2x.png in Resources */ = {isa = PBXBuildFile; fileRef = 9364A1E71EB89DCD00337893 /* confirmSchool-black-Active@2x.png */; };
		9364A1EA1EB89DCD00337893 /* confirmSchool-black@2x.png in Resources */ = {isa = PBXBuildFile; fileRef = 9364A1E81EB89DCD00337893 /* confirmSchool-black@2x.png */; };
		9364A1EC1EB89EE500337893 /* confirm-pswd@2x.png in Resources */ = {isa = PBXBuildFile; fileRef = 9364A1EB1EB89EE500337893 /* confirm-pswd@2x.png */; };
		9364A1EE1EB89EF100337893 /* email@2x.png in Resources */ = {isa = PBXBuildFile; fileRef = 9364A1ED1EB89EF100337893 /* email@2x.png */; };
		9364A1FA1EB8B4ED00337893 /* KidsInActivityViewController.m in Sources */ = {isa = PBXBuildFile; fileRef = 9364A1F91EB8B4ED00337893 /* KidsInActivityViewController.m */; };
		9364A1FF1EB8B6BD00337893 /* schools-blue@2x.png in Resources */ = {isa = PBXBuildFile; fileRef = 9364A1FB1EB8B6BD00337893 /* schools-blue@2x.png */; };
		9364A2001EB8B6BD00337893 /* messages-blue@2x.png in Resources */ = {isa = PBXBuildFile; fileRef = 9364A1FC1EB8B6BD00337893 /* messages-blue@2x.png */; };
		9364A2021EB8B6BD00337893 /* activities-blue@2x.png in Resources */ = {isa = PBXBuildFile; fileRef = 9364A1FE1EB8B6BD00337893 /* activities-blue@2x.png */; };
		9364A2101EBC977000337893 /* ServiceModel.m in Sources */ = {isa = PBXBuildFile; fileRef = 9364A20F1EBC977000337893 /* ServiceModel.m */; };
		9364A2131EBC978300337893 /* ProgressHUD.m in Sources */ = {isa = PBXBuildFile; fileRef = 9364A2121EBC978300337893 /* ProgressHUD.m */; };
		9364A2261EBC97AE00337893 /* AFHTTPClient.m in Sources */ = {isa = PBXBuildFile; fileRef = 9364A2161EBC97AE00337893 /* AFHTTPClient.m */; };
		9364A2271EBC97AE00337893 /* AFHTTPRequestOperation.m in Sources */ = {isa = PBXBuildFile; fileRef = 9364A2181EBC97AE00337893 /* AFHTTPRequestOperation.m */; };
		9364A2281EBC97AE00337893 /* AFImageRequestOperation.m in Sources */ = {isa = PBXBuildFile; fileRef = 9364A21A1EBC97AE00337893 /* AFImageRequestOperation.m */; };
		9364A2291EBC97AE00337893 /* AFJSONRequestOperation.m in Sources */ = {isa = PBXBuildFile; fileRef = 9364A21C1EBC97AE00337893 /* AFJSONRequestOperation.m */; };
		9364A22A1EBC97AE00337893 /* AFNetworkActivityIndicatorManager.m in Sources */ = {isa = PBXBuildFile; fileRef = 9364A21E1EBC97AE00337893 /* AFNetworkActivityIndicatorManager.m */; };
		9364A22B1EBC97AE00337893 /* AFPropertyListRequestOperation.m in Sources */ = {isa = PBXBuildFile; fileRef = 9364A2211EBC97AE00337893 /* AFPropertyListRequestOperation.m */; };
		9364A22C1EBC97AE00337893 /* AFURLConnectionOperation.m in Sources */ = {isa = PBXBuildFile; fileRef = 9364A2231EBC97AE00337893 /* AFURLConnectionOperation.m */; };
		9364A22D1EBC97AE00337893 /* AFXMLRequestOperation.m in Sources */ = {isa = PBXBuildFile; fileRef = 9364A2251EBC97AE00337893 /* AFXMLRequestOperation.m */; };
		9364A2301EBC97D000337893 /* Parse.m in Sources */ = {isa = PBXBuildFile; fileRef = 9364A22F1EBC97D000337893 /* Parse.m */; };
		9364A2331EBDE3E200337893 /* Utility.m in Sources */ = {isa = PBXBuildFile; fileRef = 9364A2321EBDE3E200337893 /* Utility.m */; };
		9397090A1EC5F54E00099774 /* ObjectManager.m in Sources */ = {isa = PBXBuildFile; fileRef = 939709091EC5F54E00099774 /* ObjectManager.m */; };
		9397090C1EC718B000099774 /* CheckMark@2x.png in Resources */ = {isa = PBXBuildFile; fileRef = 9397090B1EC718B000099774 /* CheckMark@2x.png */; };
		9397090E1EC71FC100099774 /* check-box-empty@2x.png in Resources */ = {isa = PBXBuildFile; fileRef = 9397090D1EC71FC100099774 /* check-box-empty@2x.png */; };
		93A9FCC21EB5A36D00F49C5A /* Person@2x.png in Resources */ = {isa = PBXBuildFile; fileRef = 93A9FCC11EB5A36D00F49C5A /* Person@2x.png */; };
		93A9FCC71EB5B89100F49C5A /* check-box@2x.png in Resources */ = {isa = PBXBuildFile; fileRef = 93A9FCC51EB5B89100F49C5A /* check-box@2x.png */; };
		93A9FCC81EB5B89100F49C5A /* black-check-box@2x.png in Resources */ = {isa = PBXBuildFile; fileRef = 93A9FCC61EB5B89100F49C5A /* black-check-box@2x.png */; };
		93A9FCCB1EB5DD1600F49C5A /* RegisterViewController.m in Sources */ = {isa = PBXBuildFile; fileRef = 93A9FCCA1EB5DD1600F49C5A /* RegisterViewController.m */; };
		93A9FCCE1EB5EFA600F49C5A /* MpinViewController.m in Sources */ = {isa = PBXBuildFile; fileRef = 93A9FCCD1EB5EFA600F49C5A /* MpinViewController.m */; };
		93A9FCD21EB6091C00F49C5A /* SchoolsListTableViewCell.m in Sources */ = {isa = PBXBuildFile; fileRef = 93A9FCD11EB6091C00F49C5A /* SchoolsListTableViewCell.m */; };
		93A9FCD81EB6094B00F49C5A /* KidsViewController.m in Sources */ = {isa = PBXBuildFile; fileRef = 93A9FCD71EB6094B00F49C5A /* KidsViewController.m */; };
		93A9FCDB1EB6096400F49C5A /* SchoolsViewController.m in Sources */ = {isa = PBXBuildFile; fileRef = 93A9FCDA1EB6096400F49C5A /* SchoolsViewController.m */; };
		93A9FCDE1EB6097500F49C5A /* ActivitiesViewController.m in Sources */ = {isa = PBXBuildFile; fileRef = 93A9FCDD1EB6097500F49C5A /* ActivitiesViewController.m */; };
		93A9FCE11EB6098900F49C5A /* MessageViewController.m in Sources */ = {isa = PBXBuildFile; fileRef = 93A9FCE01EB6098900F49C5A /* MessageViewController.m */; };
		93A9FCE41EB609A300F49C5A /* SchoolsListViewController.m in Sources */ = {isa = PBXBuildFile; fileRef = 93A9FCE31EB609A300F49C5A /* SchoolsListViewController.m */; };
		93A9FCE71EB609B300F49C5A /* AddSchoolViewController.m in Sources */ = {isa = PBXBuildFile; fileRef = 93A9FCE61EB609B300F49C5A /* AddSchoolViewController.m */; };
		93A9FCEE1EB61E6900F49C5A /* SchoolPlaceHolder@2x.png in Resources */ = {isa = PBXBuildFile; fileRef = 93A9FCED1EB61E6900F49C5A /* SchoolPlaceHolder@2x.png */; };
		93A9FCF11EB6EB1A00F49C5A /* AlertMessage.m in Sources */ = {isa = PBXBuildFile; fileRef = 93A9FCF01EB6EB1900F49C5A /* AlertMessage.m */; };
		93A9FCF41EB702FD00F49C5A /* KidsListViewController.m in Sources */ = {isa = PBXBuildFile; fileRef = 93A9FCF31EB702FD00F49C5A /* KidsListViewController.m */; };
		93A9FCF71EB7039E00F49C5A /* KidsListTableViewCell.m in Sources */ = {isa = PBXBuildFile; fileRef = 93A9FCF61EB7039E00F49C5A /* KidsListTableViewCell.m */; };
		93A9FCF91EB7077600F49C5A /* downArrow@2x.png in Resources */ = {isa = PBXBuildFile; fileRef = 93A9FCF81EB7077600F49C5A /* downArrow@2x.png */; };
		93A9FCFC1EB70F6900F49C5A /* AddKidViewController.m in Sources */ = {isa = PBXBuildFile; fileRef = 93A9FCFB1EB70F6900F49C5A /* AddKidViewController.m */; };
		93A9FCFF1EB7484A00F49C5A /* ActivitiesListViewController.m in Sources */ = {isa = PBXBuildFile; fileRef = 93A9FCFE1EB7484A00F49C5A /* ActivitiesListViewController.m */; };
		93A9FD021EB7575300F49C5A /* ActivitySectionHeaderView.m in Sources */ = {isa = PBXBuildFile; fileRef = 93A9FD011EB7575300F49C5A /* ActivitySectionHeaderView.m */; };
		93A9FD041EB7576500F49C5A /* ActivitySectionHeaderView.xib in Resources */ = {isa = PBXBuildFile; fileRef = 93A9FD031EB7576500F49C5A /* ActivitySectionHeaderView.xib */; };
		93A9FD071EB75EDE00F49C5A /* ActivitiesListTableViewCell.m in Sources */ = {isa = PBXBuildFile; fileRef = 93A9FD061EB75EDE00F49C5A /* ActivitiesListTableViewCell.m */; };
		93A9FD0A1EB7765C00F49C5A /* MessagesListTableViewCell.m in Sources */ = {isa = PBXBuildFile; fileRef = 93A9FD091EB7765C00F49C5A /* MessagesListTableViewCell.m */; };
		93B9B4DA1EE811E400DA9E2D /* checkIcon@2x.png in Resources */ = {isa = PBXBuildFile; fileRef = 93B9B4D91EE811E400DA9E2D /* checkIcon@2x.png */; };
/* End PBXBuildFile section */

/* Begin PBXContainerItemProxy section */
		936136D51EB4F99700ABC921 /* PBXContainerItemProxy */ = {
			isa = PBXContainerItemProxy;
			containerPortal = 936136B31EB4F99300ABC921 /* Project object */;
			proxyType = 1;
			remoteGlobalIDString = 936136BA1EB4F99400ABC921;
			remoteInfo = SSA;
		};
		936136E01EB4F99800ABC921 /* PBXContainerItemProxy */ = {
			isa = PBXContainerItemProxy;
			containerPortal = 936136B31EB4F99300ABC921 /* Project object */;
			proxyType = 1;
			remoteGlobalIDString = 936136BA1EB4F99400ABC921;
			remoteInfo = SSA;
		};
/* End PBXContainerItemProxy section */

/* Begin PBXFileReference section */
		93016C321EEBEF3A00769B70 /* setpin@2x.png */ = {isa = PBXFileReference; lastKnownFileType = image.png; path = "setpin@2x.png"; sourceTree = "<group>"; };
		93016C331EEBEF3A00769B70 /* mobile@2x.png */ = {isa = PBXFileReference; lastKnownFileType = image.png; path = "mobile@2x.png"; sourceTree = "<group>"; };
		93016C341EEBEF3A00769B70 /* confirm-setpin@2x.png */ = {isa = PBXFileReference; lastKnownFileType = image.png; path = "confirm-setpin@2x.png"; sourceTree = "<group>"; };
		93016C381EEBF10E00769B70 /* kids-blue@2x.png */ = {isa = PBXFileReference; lastKnownFileType = image.png; path = "kids-blue@2x.png"; sourceTree = "<group>"; };
		931053801EC9A8540032AFC5 /* NewKidViewController.h */ = {isa = PBXFileReference; fileEncoding = 4; lastKnownFileType = sourcecode.c.h; path = NewKidViewController.h; sourceTree = "<group>"; };
		931053811EC9A8550032AFC5 /* NewKidViewController.m */ = {isa = PBXFileReference; fileEncoding = 4; lastKnownFileType = sourcecode.c.objc; path = NewKidViewController.m; sourceTree = "<group>"; };
		931053831EC9C25A0032AFC5 /* StartViewController.h */ = {isa = PBXFileReference; fileEncoding = 4; lastKnownFileType = sourcecode.c.h; path = StartViewController.h; sourceTree = "<group>"; };
		931053841EC9C25A0032AFC5 /* StartViewController.m */ = {isa = PBXFileReference; fileEncoding = 4; lastKnownFileType = sourcecode.c.objc; path = StartViewController.m; sourceTree = "<group>"; };
		9346AB231EBF273B004B4396 /* Reachability.h */ = {isa = PBXFileReference; fileEncoding = 4; lastKnownFileType = sourcecode.c.h; path = Reachability.h; sourceTree = "<group>"; };
		9346AB241EBF273B004B4396 /* Reachability.m */ = {isa = PBXFileReference; fileEncoding = 4; lastKnownFileType = sourcecode.c.objc; path = Reachability.m; sourceTree = "<group>"; };
		9360EAAE1EE2D97F00ABFAC2 /* EnterPinViewController.h */ = {isa = PBXFileReference; fileEncoding = 4; lastKnownFileType = sourcecode.c.h; path = EnterPinViewController.h; sourceTree = "<group>"; };
		9360EAAF1EE2D97F00ABFAC2 /* EnterPinViewController.m */ = {isa = PBXFileReference; fileEncoding = 4; lastKnownFileType = sourcecode.c.objc; path = EnterPinViewController.m; sourceTree = "<group>"; };
		9360EAB21EE2DA0C00ABFAC2 /* THPinInputCirclesView.h */ = {isa = PBXFileReference; fileEncoding = 4; lastKnownFileType = sourcecode.c.h; path = THPinInputCirclesView.h; sourceTree = "<group>"; };
		9360EAB31EE2DA0C00ABFAC2 /* THPinInputCirclesView.m */ = {isa = PBXFileReference; fileEncoding = 4; lastKnownFileType = sourcecode.c.objc; path = THPinInputCirclesView.m; sourceTree = "<group>"; };
		9360EAB41EE2DA0C00ABFAC2 /* THPinInputCircleView.h */ = {isa = PBXFileReference; fileEncoding = 4; lastKnownFileType = sourcecode.c.h; path = THPinInputCircleView.h; sourceTree = "<group>"; };
		9360EAB51EE2DA0C00ABFAC2 /* THPinInputCircleView.m */ = {isa = PBXFileReference; fileEncoding = 4; lastKnownFileType = sourcecode.c.objc; path = THPinInputCircleView.m; sourceTree = "<group>"; };
		9360EAB61EE2DA0C00ABFAC2 /* THPinNumButton.h */ = {isa = PBXFileReference; fileEncoding = 4; lastKnownFileType = sourcecode.c.h; path = THPinNumButton.h; sourceTree = "<group>"; };
		9360EAB71EE2DA0C00ABFAC2 /* THPinNumButton.m */ = {isa = PBXFileReference; fileEncoding = 4; lastKnownFileType = sourcecode.c.objc; path = THPinNumButton.m; sourceTree = "<group>"; };
		9360EAB81EE2DA0C00ABFAC2 /* THPinNumPadView.h */ = {isa = PBXFileReference; fileEncoding = 4; lastKnownFileType = sourcecode.c.h; path = THPinNumPadView.h; sourceTree = "<group>"; };
		9360EAB91EE2DA0C00ABFAC2 /* THPinNumPadView.m */ = {isa = PBXFileReference; fileEncoding = 4; lastKnownFileType = sourcecode.c.objc; path = THPinNumPadView.m; sourceTree = "<group>"; };
		9360EABA1EE2DA0C00ABFAC2 /* THPinView.h */ = {isa = PBXFileReference; fileEncoding = 4; lastKnownFileType = sourcecode.c.h; path = THPinView.h; sourceTree = "<group>"; };
		9360EABB1EE2DA0C00ABFAC2 /* THPinView.m */ = {isa = PBXFileReference; fileEncoding = 4; lastKnownFileType = sourcecode.c.objc; path = THPinView.m; sourceTree = "<group>"; };
		9360EABC1EE2DA0C00ABFAC2 /* THPinViewController.bundle */ = {isa = PBXFileReference; lastKnownFileType = "wrapper.plug-in"; path = THPinViewController.bundle; sourceTree = "<group>"; };
		9360EABD1EE2DA0C00ABFAC2 /* THPinViewController.h */ = {isa = PBXFileReference; fileEncoding = 4; lastKnownFileType = sourcecode.c.h; path = THPinViewController.h; sourceTree = "<group>"; };
		9360EABE1EE2DA0C00ABFAC2 /* THPinViewController.m */ = {isa = PBXFileReference; fileEncoding = 4; lastKnownFileType = sourcecode.c.objc; path = THPinViewController.m; sourceTree = "<group>"; };
		9360EABF1EE2DA0C00ABFAC2 /* UIImage+ImageEffects.h */ = {isa = PBXFileReference; fileEncoding = 4; lastKnownFileType = sourcecode.c.h; path = "UIImage+ImageEffects.h"; sourceTree = "<group>"; };
		9360EAC01EE2DA0C00ABFAC2 /* UIImage+ImageEffects.m */ = {isa = PBXFileReference; fileEncoding = 4; lastKnownFileType = sourcecode.c.objc; path = "UIImage+ImageEffects.m"; sourceTree = "<group>"; };
		9360EACA1EE3D73700ABFAC2 /* LocalAuthentication.framework */ = {isa = PBXFileReference; lastKnownFileType = wrapper.framework; name = LocalAuthentication.framework; path = System/Library/Frameworks/LocalAuthentication.framework; sourceTree = SDKROOT; };
		9360EACC1EE6C5B900ABFAC2 /* BaseViewController.h */ = {isa = PBXFileReference; fileEncoding = 4; lastKnownFileType = sourcecode.c.h; path = BaseViewController.h; sourceTree = "<group>"; };
		9360EACD1EE6C5B900ABFAC2 /* BaseViewController.m */ = {isa = PBXFileReference; fileEncoding = 4; lastKnownFileType = sourcecode.c.objc; path = BaseViewController.m; sourceTree = "<group>"; };
		936136BB1EB4F99400ABC921 /* SSA.app */ = {isa = PBXFileReference; explicitFileType = wrapper.application; includeInIndex = 0; path = SSA.app; sourceTree = BUILT_PRODUCTS_DIR; };
		936136BF1EB4F99500ABC921 /* main.m */ = {isa = PBXFileReference; lastKnownFileType = sourcecode.c.objc; path = main.m; sourceTree = "<group>"; };
		936136C11EB4F99500ABC921 /* AppDelegate.h */ = {isa = PBXFileReference; lastKnownFileType = sourcecode.c.h; path = AppDelegate.h; sourceTree = "<group>"; };
		936136C21EB4F99500ABC921 /* AppDelegate.m */ = {isa = PBXFileReference; lastKnownFileType = sourcecode.c.objc; path = AppDelegate.m; sourceTree = "<group>"; };
		936136C81EB4F99600ABC921 /* Base */ = {isa = PBXFileReference; lastKnownFileType = file.storyboard; name = Base; path = Base.lproj/Main.storyboard; sourceTree = "<group>"; };
		936136CA1EB4F99600ABC921 /* Assets.xcassets */ = {isa = PBXFileReference; lastKnownFileType = folder.assetcatalog; path = Assets.xcassets; sourceTree = "<group>"; };
		936136CD1EB4F99600ABC921 /* Base */ = {isa = PBXFileReference; lastKnownFileType = file.storyboard; name = Base; path = Base.lproj/LaunchScreen.storyboard; sourceTree = "<group>"; };
		936136CF1EB4F99600ABC921 /* Info.plist */ = {isa = PBXFileReference; lastKnownFileType = text.plist.xml; path = Info.plist; sourceTree = "<group>"; };
		936136D41EB4F99700ABC921 /* SSATests.xctest */ = {isa = PBXFileReference; explicitFileType = wrapper.cfbundle; includeInIndex = 0; path = SSATests.xctest; sourceTree = BUILT_PRODUCTS_DIR; };
		936136D81EB4F99700ABC921 /* SSATests.m */ = {isa = PBXFileReference; lastKnownFileType = sourcecode.c.objc; path = SSATests.m; sourceTree = "<group>"; };
		936136DA1EB4F99700ABC921 /* Info.plist */ = {isa = PBXFileReference; lastKnownFileType = text.plist.xml; path = Info.plist; sourceTree = "<group>"; };
		936136DF1EB4F99800ABC921 /* SSAUITests.xctest */ = {isa = PBXFileReference; explicitFileType = wrapper.cfbundle; includeInIndex = 0; path = SSAUITests.xctest; sourceTree = BUILT_PRODUCTS_DIR; };
		936136E31EB4F99800ABC921 /* SSAUITests.m */ = {isa = PBXFileReference; lastKnownFileType = sourcecode.c.objc; path = SSAUITests.m; sourceTree = "<group>"; };
		936136E51EB4F99800ABC921 /* Info.plist */ = {isa = PBXFileReference; lastKnownFileType = text.plist.xml; path = Info.plist; sourceTree = "<group>"; };
		936136F21EB58C1C00ABC921 /* LoginViewController.h */ = {isa = PBXFileReference; fileEncoding = 4; lastKnownFileType = sourcecode.c.h; path = LoginViewController.h; sourceTree = "<group>"; };
		936136F31EB58C1C00ABC921 /* LoginViewController.m */ = {isa = PBXFileReference; fileEncoding = 4; lastKnownFileType = sourcecode.c.objc; path = LoginViewController.m; sourceTree = "<group>"; };
		9364A1CA1EB8849F00337893 /* SharedManager.h */ = {isa = PBXFileReference; fileEncoding = 4; lastKnownFileType = sourcecode.c.h; path = SharedManager.h; sourceTree = "<group>"; };
		9364A1CB1EB8849F00337893 /* SharedManager.m */ = {isa = PBXFileReference; fileEncoding = 4; lastKnownFileType = sourcecode.c.objc; path = SharedManager.m; sourceTree = "<group>"; };
		9364A1CD1EB891A700337893 /* Logo_for_App@2x.png */ = {isa = PBXFileReference; lastKnownFileType = image.png; path = "Logo_for_App@2x.png"; sourceTree = "<group>"; };
		9364A1CF1EB8947E00337893 /* pswd@2x.png */ = {isa = PBXFileReference; lastKnownFileType = image.png; path = "pswd@2x.png"; sourceTree = "<group>"; };
		9364A1D01EB8947E00337893 /* user@2x.png */ = {isa = PBXFileReference; lastKnownFileType = image.png; path = "user@2x.png"; sourceTree = "<group>"; };
		9364A1D31EB899F200337893 /* addKids@2x.png */ = {isa = PBXFileReference; lastKnownFileType = image.png; path = "addKids@2x.png"; sourceTree = "<group>"; };
		9364A1D51EB89A2300337893 /* Add-Circle@2x.png */ = {isa = PBXFileReference; lastKnownFileType = image.png; path = "Add-Circle@2x.png"; sourceTree = "<group>"; };
		9364A1D71EB89A6D00337893 /* List-of-Kids@2x.png */ = {isa = PBXFileReference; lastKnownFileType = image.png; path = "List-of-Kids@2x.png"; sourceTree = "<group>"; };
		9364A1D91EB89A9B00337893 /* Kid-Profile-Blue@2x.png */ = {isa = PBXFileReference; lastKnownFileType = image.png; path = "Kid-Profile-Blue@2x.png"; sourceTree = "<group>"; };
		9364A1DB1EB89B3600337893 /* Kid-Profile-Black@2x.png */ = {isa = PBXFileReference; lastKnownFileType = image.png; path = "Kid-Profile-Black@2x.png"; sourceTree = "<group>"; };
		9364A1DD1EB89BE700337893 /* List-of-Schools@2x.png */ = {isa = PBXFileReference; lastKnownFileType = image.png; path = "List-of-Schools@2x.png"; sourceTree = "<group>"; };
		9364A1DF1EB89C2500337893 /* List-of-Schools-Black@2x.png */ = {isa = PBXFileReference; lastKnownFileType = image.png; path = "List-of-Schools-Black@2x.png"; sourceTree = "<group>"; };
		9364A1E11EB89C6B00337893 /* activity@2x.png */ = {isa = PBXFileReference; lastKnownFileType = image.png; path = "activity@2x.png"; sourceTree = "<group>"; };
		9364A1E31EB89DAD00337893 /* addSchool-black-Active@2x.png */ = {isa = PBXFileReference; lastKnownFileType = image.png; path = "addSchool-black-Active@2x.png"; sourceTree = "<group>"; };
		9364A1E41EB89DAD00337893 /* addSchool-black@2x.png */ = {isa = PBXFileReference; lastKnownFileType = image.png; path = "addSchool-black@2x.png"; sourceTree = "<group>"; };
		9364A1E71EB89DCD00337893 /* confirmSchool-black-Active@2x.png */ = {isa = PBXFileReference; lastKnownFileType = image.png; path = "confirmSchool-black-Active@2x.png"; sourceTree = "<group>"; };
		9364A1E81EB89DCD00337893 /* confirmSchool-black@2x.png */ = {isa = PBXFileReference; lastKnownFileType = image.png; path = "confirmSchool-black@2x.png"; sourceTree = "<group>"; };
		9364A1EB1EB89EE500337893 /* confirm-pswd@2x.png */ = {isa = PBXFileReference; lastKnownFileType = image.png; path = "confirm-pswd@2x.png"; sourceTree = "<group>"; };
		9364A1ED1EB89EF100337893 /* email@2x.png */ = {isa = PBXFileReference; lastKnownFileType = image.png; path = "email@2x.png"; sourceTree = "<group>"; };
		9364A1F81EB8B4ED00337893 /* KidsInActivityViewController.h */ = {isa = PBXFileReference; fileEncoding = 4; lastKnownFileType = sourcecode.c.h; path = KidsInActivityViewController.h; sourceTree = "<group>"; };
		9364A1F91EB8B4ED00337893 /* KidsInActivityViewController.m */ = {isa = PBXFileReference; fileEncoding = 4; lastKnownFileType = sourcecode.c.objc; path = KidsInActivityViewController.m; sourceTree = "<group>"; };
		9364A1FB1EB8B6BD00337893 /* schools-blue@2x.png */ = {isa = PBXFileReference; lastKnownFileType = image.png; path = "schools-blue@2x.png"; sourceTree = "<group>"; };
		9364A1FC1EB8B6BD00337893 /* messages-blue@2x.png */ = {isa = PBXFileReference; lastKnownFileType = image.png; path = "messages-blue@2x.png"; sourceTree = "<group>"; };
		9364A1FE1EB8B6BD00337893 /* activities-blue@2x.png */ = {isa = PBXFileReference; lastKnownFileType = image.png; path = "activities-blue@2x.png"; sourceTree = "<group>"; };
		9364A20E1EBC976F00337893 /* ServiceModel.h */ = {isa = PBXFileReference; fileEncoding = 4; lastKnownFileType = sourcecode.c.h; path = ServiceModel.h; sourceTree = "<group>"; };
		9364A20F1EBC977000337893 /* ServiceModel.m */ = {isa = PBXFileReference; fileEncoding = 4; lastKnownFileType = sourcecode.c.objc; path = ServiceModel.m; sourceTree = "<group>"; };
		9364A2111EBC978300337893 /* ProgressHUD.h */ = {isa = PBXFileReference; fileEncoding = 4; lastKnownFileType = sourcecode.c.h; path = ProgressHUD.h; sourceTree = "<group>"; };
		9364A2121EBC978300337893 /* ProgressHUD.m */ = {isa = PBXFileReference; fileEncoding = 4; lastKnownFileType = sourcecode.c.objc; path = ProgressHUD.m; sourceTree = "<group>"; };
		9364A2151EBC97AE00337893 /* AFHTTPClient.h */ = {isa = PBXFileReference; fileEncoding = 4; lastKnownFileType = sourcecode.c.h; path = AFHTTPClient.h; sourceTree = "<group>"; };
		9364A2161EBC97AE00337893 /* AFHTTPClient.m */ = {isa = PBXFileReference; fileEncoding = 4; lastKnownFileType = sourcecode.c.objc; path = AFHTTPClient.m; sourceTree = "<group>"; };
		9364A2171EBC97AE00337893 /* AFHTTPRequestOperation.h */ = {isa = PBXFileReference; fileEncoding = 4; lastKnownFileType = sourcecode.c.h; path = AFHTTPRequestOperation.h; sourceTree = "<group>"; };
		9364A2181EBC97AE00337893 /* AFHTTPRequestOperation.m */ = {isa = PBXFileReference; fileEncoding = 4; lastKnownFileType = sourcecode.c.objc; path = AFHTTPRequestOperation.m; sourceTree = "<group>"; };
		9364A2191EBC97AE00337893 /* AFImageRequestOperation.h */ = {isa = PBXFileReference; fileEncoding = 4; lastKnownFileType = sourcecode.c.h; path = AFImageRequestOperation.h; sourceTree = "<group>"; };
		9364A21A1EBC97AE00337893 /* AFImageRequestOperation.m */ = {isa = PBXFileReference; fileEncoding = 4; lastKnownFileType = sourcecode.c.objc; path = AFImageRequestOperation.m; sourceTree = "<group>"; };
		9364A21B1EBC97AE00337893 /* AFJSONRequestOperation.h */ = {isa = PBXFileReference; fileEncoding = 4; lastKnownFileType = sourcecode.c.h; path = AFJSONRequestOperation.h; sourceTree = "<group>"; };
		9364A21C1EBC97AE00337893 /* AFJSONRequestOperation.m */ = {isa = PBXFileReference; fileEncoding = 4; lastKnownFileType = sourcecode.c.objc; path = AFJSONRequestOperation.m; sourceTree = "<group>"; };
		9364A21D1EBC97AE00337893 /* AFNetworkActivityIndicatorManager.h */ = {isa = PBXFileReference; fileEncoding = 4; lastKnownFileType = sourcecode.c.h; path = AFNetworkActivityIndicatorManager.h; sourceTree = "<group>"; };
		9364A21E1EBC97AE00337893 /* AFNetworkActivityIndicatorManager.m */ = {isa = PBXFileReference; fileEncoding = 4; lastKnownFileType = sourcecode.c.objc; path = AFNetworkActivityIndicatorManager.m; sourceTree = "<group>"; };
		9364A21F1EBC97AE00337893 /* AFNetworking.h */ = {isa = PBXFileReference; fileEncoding = 4; lastKnownFileType = sourcecode.c.h; path = AFNetworking.h; sourceTree = "<group>"; };
		9364A2201EBC97AE00337893 /* AFPropertyListRequestOperation.h */ = {isa = PBXFileReference; fileEncoding = 4; lastKnownFileType = sourcecode.c.h; path = AFPropertyListRequestOperation.h; sourceTree = "<group>"; };
		9364A2211EBC97AE00337893 /* AFPropertyListRequestOperation.m */ = {isa = PBXFileReference; fileEncoding = 4; lastKnownFileType = sourcecode.c.objc; path = AFPropertyListRequestOperation.m; sourceTree = "<group>"; };
		9364A2221EBC97AE00337893 /* AFURLConnectionOperation.h */ = {isa = PBXFileReference; fileEncoding = 4; lastKnownFileType = sourcecode.c.h; path = AFURLConnectionOperation.h; sourceTree = "<group>"; };
		9364A2231EBC97AE00337893 /* AFURLConnectionOperation.m */ = {isa = PBXFileReference; fileEncoding = 4; lastKnownFileType = sourcecode.c.objc; path = AFURLConnectionOperation.m; sourceTree = "<group>"; };
		9364A2241EBC97AE00337893 /* AFXMLRequestOperation.h */ = {isa = PBXFileReference; fileEncoding = 4; lastKnownFileType = sourcecode.c.h; path = AFXMLRequestOperation.h; sourceTree = "<group>"; };
		9364A2251EBC97AE00337893 /* AFXMLRequestOperation.m */ = {isa = PBXFileReference; fileEncoding = 4; lastKnownFileType = sourcecode.c.objc; path = AFXMLRequestOperation.m; sourceTree = "<group>"; };
		9364A22E1EBC97D000337893 /* Parse.h */ = {isa = PBXFileReference; fileEncoding = 4; lastKnownFileType = sourcecode.c.h; path = Parse.h; sourceTree = "<group>"; };
		9364A22F1EBC97D000337893 /* Parse.m */ = {isa = PBXFileReference; fileEncoding = 4; lastKnownFileType = sourcecode.c.objc; path = Parse.m; sourceTree = "<group>"; };
		9364A2311EBDE3E200337893 /* Utility.h */ = {isa = PBXFileReference; fileEncoding = 4; lastKnownFileType = sourcecode.c.h; path = Utility.h; sourceTree = "<group>"; };
		9364A2321EBDE3E200337893 /* Utility.m */ = {isa = PBXFileReference; fileEncoding = 4; lastKnownFileType = sourcecode.c.objc; path = Utility.m; sourceTree = "<group>"; };
		939709081EC5F54E00099774 /* ObjectManager.h */ = {isa = PBXFileReference; fileEncoding = 4; lastKnownFileType = sourcecode.c.h; path = ObjectManager.h; sourceTree = "<group>"; };
		939709091EC5F54E00099774 /* ObjectManager.m */ = {isa = PBXFileReference; fileEncoding = 4; lastKnownFileType = sourcecode.c.objc; path = ObjectManager.m; sourceTree = "<group>"; };
		9397090B1EC718B000099774 /* CheckMark@2x.png */ = {isa = PBXFileReference; lastKnownFileType = image.png; path = "CheckMark@2x.png"; sourceTree = "<group>"; };
		9397090D1EC71FC100099774 /* check-box-empty@2x.png */ = {isa = PBXFileReference; lastKnownFileType = image.png; path = "check-box-empty@2x.png"; sourceTree = "<group>"; };
		93A9FCC11EB5A36D00F49C5A /* Person@2x.png */ = {isa = PBXFileReference; lastKnownFileType = image.png; path = "Person@2x.png"; sourceTree = "<group>"; };
		93A9FCC31EB5A54C00F49C5A /* Constants.h */ = {isa = PBXFileReference; fileEncoding = 4; lastKnownFileType = sourcecode.c.h; path = Constants.h; sourceTree = "<group>"; };
		93A9FCC51EB5B89100F49C5A /* check-box@2x.png */ = {isa = PBXFileReference; lastKnownFileType = image.png; path = "check-box@2x.png"; sourceTree = "<group>"; };
		93A9FCC61EB5B89100F49C5A /* black-check-box@2x.png */ = {isa = PBXFileReference; lastKnownFileType = image.png; path = "black-check-box@2x.png"; sourceTree = "<group>"; };
		93A9FCC91EB5DD1600F49C5A /* RegisterViewController.h */ = {isa = PBXFileReference; fileEncoding = 4; lastKnownFileType = sourcecode.c.h; path = RegisterViewController.h; sourceTree = "<group>"; };
		93A9FCCA1EB5DD1600F49C5A /* RegisterViewController.m */ = {isa = PBXFileReference; fileEncoding = 4; lastKnownFileType = sourcecode.c.objc; path = RegisterViewController.m; sourceTree = "<group>"; };
		93A9FCCC1EB5EFA600F49C5A /* MpinViewController.h */ = {isa = PBXFileReference; fileEncoding = 4; lastKnownFileType = sourcecode.c.h; path = MpinViewController.h; sourceTree = "<group>"; };
		93A9FCCD1EB5EFA600F49C5A /* MpinViewController.m */ = {isa = PBXFileReference; fileEncoding = 4; lastKnownFileType = sourcecode.c.objc; path = MpinViewController.m; sourceTree = "<group>"; };
		93A9FCD01EB6091C00F49C5A /* SchoolsListTableViewCell.h */ = {isa = PBXFileReference; fileEncoding = 4; lastKnownFileType = sourcecode.c.h; path = SchoolsListTableViewCell.h; sourceTree = "<group>"; };
		93A9FCD11EB6091C00F49C5A /* SchoolsListTableViewCell.m */ = {isa = PBXFileReference; fileEncoding = 4; lastKnownFileType = sourcecode.c.objc; path = SchoolsListTableViewCell.m; sourceTree = "<group>"; };
		93A9FCD61EB6094B00F49C5A /* KidsViewController.h */ = {isa = PBXFileReference; fileEncoding = 4; lastKnownFileType = sourcecode.c.h; path = KidsViewController.h; sourceTree = "<group>"; };
		93A9FCD71EB6094B00F49C5A /* KidsViewController.m */ = {isa = PBXFileReference; fileEncoding = 4; lastKnownFileType = sourcecode.c.objc; path = KidsViewController.m; sourceTree = "<group>"; };
		93A9FCD91EB6096400F49C5A /* SchoolsViewController.h */ = {isa = PBXFileReference; fileEncoding = 4; lastKnownFileType = sourcecode.c.h; path = SchoolsViewController.h; sourceTree = "<group>"; };
		93A9FCDA1EB6096400F49C5A /* SchoolsViewController.m */ = {isa = PBXFileReference; fileEncoding = 4; lastKnownFileType = sourcecode.c.objc; path = SchoolsViewController.m; sourceTree = "<group>"; };
		93A9FCDC1EB6097500F49C5A /* ActivitiesViewController.h */ = {isa = PBXFileReference; fileEncoding = 4; lastKnownFileType = sourcecode.c.h; path = ActivitiesViewController.h; sourceTree = "<group>"; };
		93A9FCDD1EB6097500F49C5A /* ActivitiesViewController.m */ = {isa = PBXFileReference; fileEncoding = 4; lastKnownFileType = sourcecode.c.objc; path = ActivitiesViewController.m; sourceTree = "<group>"; };
		93A9FCDF1EB6098900F49C5A /* MessageViewController.h */ = {isa = PBXFileReference; fileEncoding = 4; lastKnownFileType = sourcecode.c.h; path = MessageViewController.h; sourceTree = "<group>"; };
		93A9FCE01EB6098900F49C5A /* MessageViewController.m */ = {isa = PBXFileReference; fileEncoding = 4; lastKnownFileType = sourcecode.c.objc; path = MessageViewController.m; sourceTree = "<group>"; };
		93A9FCE21EB609A300F49C5A /* SchoolsListViewController.h */ = {isa = PBXFileReference; fileEncoding = 4; lastKnownFileType = sourcecode.c.h; path = SchoolsListViewController.h; sourceTree = "<group>"; };
		93A9FCE31EB609A300F49C5A /* SchoolsListViewController.m */ = {isa = PBXFileReference; fileEncoding = 4; lastKnownFileType = sourcecode.c.objc; path = SchoolsListViewController.m; sourceTree = "<group>"; };
		93A9FCE51EB609B300F49C5A /* AddSchoolViewController.h */ = {isa = PBXFileReference; fileEncoding = 4; lastKnownFileType = sourcecode.c.h; path = AddSchoolViewController.h; sourceTree = "<group>"; };
		93A9FCE61EB609B300F49C5A /* AddSchoolViewController.m */ = {isa = PBXFileReference; fileEncoding = 4; lastKnownFileType = sourcecode.c.objc; path = AddSchoolViewController.m; sourceTree = "<group>"; };
		93A9FCED1EB61E6900F49C5A /* SchoolPlaceHolder@2x.png */ = {isa = PBXFileReference; lastKnownFileType = image.png; path = "SchoolPlaceHolder@2x.png"; sourceTree = "<group>"; };
		93A9FCEF1EB6EB1900F49C5A /* AlertMessage.h */ = {isa = PBXFileReference; fileEncoding = 4; lastKnownFileType = sourcecode.c.h; path = AlertMessage.h; sourceTree = "<group>"; };
		93A9FCF01EB6EB1900F49C5A /* AlertMessage.m */ = {isa = PBXFileReference; fileEncoding = 4; lastKnownFileType = sourcecode.c.objc; path = AlertMessage.m; sourceTree = "<group>"; };
		93A9FCF21EB702FD00F49C5A /* KidsListViewController.h */ = {isa = PBXFileReference; fileEncoding = 4; lastKnownFileType = sourcecode.c.h; path = KidsListViewController.h; sourceTree = "<group>"; };
		93A9FCF31EB702FD00F49C5A /* KidsListViewController.m */ = {isa = PBXFileReference; fileEncoding = 4; lastKnownFileType = sourcecode.c.objc; path = KidsListViewController.m; sourceTree = "<group>"; };
		93A9FCF51EB7039E00F49C5A /* KidsListTableViewCell.h */ = {isa = PBXFileReference; fileEncoding = 4; lastKnownFileType = sourcecode.c.h; path = KidsListTableViewCell.h; sourceTree = "<group>"; };
		93A9FCF61EB7039E00F49C5A /* KidsListTableViewCell.m */ = {isa = PBXFileReference; fileEncoding = 4; lastKnownFileType = sourcecode.c.objc; path = KidsListTableViewCell.m; sourceTree = "<group>"; };
		93A9FCF81EB7077600F49C5A /* downArrow@2x.png */ = {isa = PBXFileReference; lastKnownFileType = image.png; path = "downArrow@2x.png"; sourceTree = "<group>"; };
		93A9FCFA1EB70F6900F49C5A /* AddKidViewController.h */ = {isa = PBXFileReference; fileEncoding = 4; lastKnownFileType = sourcecode.c.h; path = AddKidViewController.h; sourceTree = "<group>"; };
		93A9FCFB1EB70F6900F49C5A /* AddKidViewController.m */ = {isa = PBXFileReference; fileEncoding = 4; lastKnownFileType = sourcecode.c.objc; path = AddKidViewController.m; sourceTree = "<group>"; };
		93A9FCFD1EB7484A00F49C5A /* ActivitiesListViewController.h */ = {isa = PBXFileReference; fileEncoding = 4; lastKnownFileType = sourcecode.c.h; path = ActivitiesListViewController.h; sourceTree = "<group>"; };
		93A9FCFE1EB7484A00F49C5A /* ActivitiesListViewController.m */ = {isa = PBXFileReference; fileEncoding = 4; lastKnownFileType = sourcecode.c.objc; path = ActivitiesListViewController.m; sourceTree = "<group>"; };
		93A9FD001EB7575300F49C5A /* ActivitySectionHeaderView.h */ = {isa = PBXFileReference; fileEncoding = 4; lastKnownFileType = sourcecode.c.h; path = ActivitySectionHeaderView.h; sourceTree = "<group>"; };
		93A9FD011EB7575300F49C5A /* ActivitySectionHeaderView.m */ = {isa = PBXFileReference; fileEncoding = 4; lastKnownFileType = sourcecode.c.objc; path = ActivitySectionHeaderView.m; sourceTree = "<group>"; };
		93A9FD031EB7576500F49C5A /* ActivitySectionHeaderView.xib */ = {isa = PBXFileReference; fileEncoding = 4; lastKnownFileType = file.xib; path = ActivitySectionHeaderView.xib; sourceTree = "<group>"; };
		93A9FD051EB75EDE00F49C5A /* ActivitiesListTableViewCell.h */ = {isa = PBXFileReference; fileEncoding = 4; lastKnownFileType = sourcecode.c.h; path = ActivitiesListTableViewCell.h; sourceTree = "<group>"; };
		93A9FD061EB75EDE00F49C5A /* ActivitiesListTableViewCell.m */ = {isa = PBXFileReference; fileEncoding = 4; lastKnownFileType = sourcecode.c.objc; path = ActivitiesListTableViewCell.m; sourceTree = "<group>"; };
		93A9FD081EB7765C00F49C5A /* MessagesListTableViewCell.h */ = {isa = PBXFileReference; fileEncoding = 4; lastKnownFileType = sourcecode.c.h; path = MessagesListTableViewCell.h; sourceTree = "<group>"; };
		93A9FD091EB7765C00F49C5A /* MessagesListTableViewCell.m */ = {isa = PBXFileReference; fileEncoding = 4; lastKnownFileType = sourcecode.c.objc; path = MessagesListTableViewCell.m; sourceTree = "<group>"; };
		93B9B4D91EE811E400DA9E2D /* checkIcon@2x.png */ = {isa = PBXFileReference; lastKnownFileType = image.png; path = "checkIcon@2x.png"; sourceTree = "<group>"; };
/* End PBXFileReference section */

/* Begin PBXFrameworksBuildPhase section */
		936136B81EB4F99400ABC921 /* Frameworks */ = {
			isa = PBXFrameworksBuildPhase;
			buildActionMask = 2147483647;
			files = (
				9360EACB1EE3D73700ABFAC2 /* LocalAuthentication.framework in Frameworks */,
			);
			runOnlyForDeploymentPostprocessing = 0;
		};
		936136D11EB4F99700ABC921 /* Frameworks */ = {
			isa = PBXFrameworksBuildPhase;
			buildActionMask = 2147483647;
			files = (
			);
			runOnlyForDeploymentPostprocessing = 0;
		};
		936136DC1EB4F99700ABC921 /* Frameworks */ = {
			isa = PBXFrameworksBuildPhase;
			buildActionMask = 2147483647;
			files = (
			);
			runOnlyForDeploymentPostprocessing = 0;
		};
/* End PBXFrameworksBuildPhase section */

/* Begin PBXGroup section */
		9360EAB11EE2D9EF00ABFAC2 /* EnterPin */ = {
			isa = PBXGroup;
			children = (
				9360EAB21EE2DA0C00ABFAC2 /* THPinInputCirclesView.h */,
				9360EAB31EE2DA0C00ABFAC2 /* THPinInputCirclesView.m */,
				9360EAB41EE2DA0C00ABFAC2 /* THPinInputCircleView.h */,
				9360EAB51EE2DA0C00ABFAC2 /* THPinInputCircleView.m */,
				9360EAB61EE2DA0C00ABFAC2 /* THPinNumButton.h */,
				9360EAB71EE2DA0C00ABFAC2 /* THPinNumButton.m */,
				9360EAB81EE2DA0C00ABFAC2 /* THPinNumPadView.h */,
				9360EAB91EE2DA0C00ABFAC2 /* THPinNumPadView.m */,
				9360EABA1EE2DA0C00ABFAC2 /* THPinView.h */,
				9360EABB1EE2DA0C00ABFAC2 /* THPinView.m */,
				9360EABC1EE2DA0C00ABFAC2 /* THPinViewController.bundle */,
				9360EABD1EE2DA0C00ABFAC2 /* THPinViewController.h */,
				9360EABE1EE2DA0C00ABFAC2 /* THPinViewController.m */,
				9360EABF1EE2DA0C00ABFAC2 /* UIImage+ImageEffects.h */,
				9360EAC01EE2DA0C00ABFAC2 /* UIImage+ImageEffects.m */,
			);
			name = EnterPin;
			sourceTree = "<group>";
		};
		9360EAC91EE3D73700ABFAC2 /* Frameworks */ = {
			isa = PBXGroup;
			children = (
				9360EACA1EE3D73700ABFAC2 /* LocalAuthentication.framework */,
			);
			name = Frameworks;
			sourceTree = "<group>";
		};
		936136B21EB4F99300ABC921 = {
			isa = PBXGroup;
			children = (
				936136BD1EB4F99400ABC921 /* SSA */,
				936136D71EB4F99700ABC921 /* SSATests */,
				936136E21EB4F99800ABC921 /* SSAUITests */,
				936136BC1EB4F99400ABC921 /* Products */,
				9360EAC91EE3D73700ABFAC2 /* Frameworks */,
			);
			sourceTree = "<group>";
		};
		936136BC1EB4F99400ABC921 /* Products */ = {
			isa = PBXGroup;
			children = (
				936136BB1EB4F99400ABC921 /* SSA.app */,
				936136D41EB4F99700ABC921 /* SSATests.xctest */,
				936136DF1EB4F99800ABC921 /* SSAUITests.xctest */,
			);
			name = Products;
			sourceTree = "<group>";
		};
		936136BD1EB4F99400ABC921 /* SSA */ = {
			isa = PBXGroup;
			children = (
				9364A1C91EB8848E00337893 /* Models */,
				93A9FCCF1EB608EE00F49C5A /* Views */,
				93A9FCC41EB5B87E00F49C5A /* Images */,
				936136F11EB58BDF00ABC921 /* Controllers */,
				936136C11EB4F99500ABC921 /* AppDelegate.h */,
				936136C21EB4F99500ABC921 /* AppDelegate.m */,
				936136C71EB4F99600ABC921 /* Main.storyboard */,
				936136CA1EB4F99600ABC921 /* Assets.xcassets */,
				936136CC1EB4F99600ABC921 /* LaunchScreen.storyboard */,
				936136CF1EB4F99600ABC921 /* Info.plist */,
				936136BE1EB4F99500ABC921 /* Supporting Files */,
				93A9FCC31EB5A54C00F49C5A /* Constants.h */,
			);
			path = SSA;
			sourceTree = "<group>";
		};
		936136BE1EB4F99500ABC921 /* Supporting Files */ = {
			isa = PBXGroup;
			children = (
				936136BF1EB4F99500ABC921 /* main.m */,
			);
			name = "Supporting Files";
			sourceTree = "<group>";
		};
		936136D71EB4F99700ABC921 /* SSATests */ = {
			isa = PBXGroup;
			children = (
				936136D81EB4F99700ABC921 /* SSATests.m */,
				936136DA1EB4F99700ABC921 /* Info.plist */,
			);
			path = SSATests;
			sourceTree = "<group>";
		};
		936136E21EB4F99800ABC921 /* SSAUITests */ = {
			isa = PBXGroup;
			children = (
				936136E31EB4F99800ABC921 /* SSAUITests.m */,
				936136E51EB4F99800ABC921 /* Info.plist */,
			);
			path = SSAUITests;
			sourceTree = "<group>";
		};
		936136F11EB58BDF00ABC921 /* Controllers */ = {
			isa = PBXGroup;
			children = (
				93A9FCEC1EB60A4700F49C5A /* LoginAndRegistration */,
				93A9FCEB1EB60A2D00F49C5A /* Messages */,
				93A9FCEA1EB60A1E00F49C5A /* Activities */,
				93A9FCE91EB60A1100F49C5A /* Kids */,
				93A9FCE81EB609B700F49C5A /* Schools */,
				931053831EC9C25A0032AFC5 /* StartViewController.h */,
				931053841EC9C25A0032AFC5 /* StartViewController.m */,
				9360EACC1EE6C5B900ABFAC2 /* BaseViewController.h */,
				9360EACD1EE6C5B900ABFAC2 /* BaseViewController.m */,
			);
			name = Controllers;
			sourceTree = "<group>";
		};
		9364A1C91EB8848E00337893 /* Models */ = {
			isa = PBXGroup;
			children = (
				9346AB231EBF273B004B4396 /* Reachability.h */,
				9346AB241EBF273B004B4396 /* Reachability.m */,
				9364A2311EBDE3E200337893 /* Utility.h */,
				9364A2321EBDE3E200337893 /* Utility.m */,
				9364A2141EBC97A200337893 /* AFNetworking */,
				9364A20E1EBC976F00337893 /* ServiceModel.h */,
				9364A20F1EBC977000337893 /* ServiceModel.m */,
				9364A1CA1EB8849F00337893 /* SharedManager.h */,
				9364A1CB1EB8849F00337893 /* SharedManager.m */,
				9364A22E1EBC97D000337893 /* Parse.h */,
				9364A22F1EBC97D000337893 /* Parse.m */,
				939709081EC5F54E00099774 /* ObjectManager.h */,
				939709091EC5F54E00099774 /* ObjectManager.m */,
			);
			name = Models;
			sourceTree = "<group>";
		};
		9364A1EF1EB8A6E300337893 /* Tab Images */ = {
			isa = PBXGroup;
			children = (
				9364A1FB1EB8B6BD00337893 /* schools-blue@2x.png */,
				9364A1FC1EB8B6BD00337893 /* messages-blue@2x.png */,
				93016C381EEBF10E00769B70 /* kids-blue@2x.png */,
				9364A1FE1EB8B6BD00337893 /* activities-blue@2x.png */,
			);
			name = "Tab Images";
			sourceTree = "<group>";
		};
		9364A2141EBC97A200337893 /* AFNetworking */ = {
			isa = PBXGroup;
			children = (
				9364A2151EBC97AE00337893 /* AFHTTPClient.h */,
				9364A2161EBC97AE00337893 /* AFHTTPClient.m */,
				9364A2171EBC97AE00337893 /* AFHTTPRequestOperation.h */,
				9364A2181EBC97AE00337893 /* AFHTTPRequestOperation.m */,
				9364A2191EBC97AE00337893 /* AFImageRequestOperation.h */,
				9364A21A1EBC97AE00337893 /* AFImageRequestOperation.m */,
				9364A21B1EBC97AE00337893 /* AFJSONRequestOperation.h */,
				9364A21C1EBC97AE00337893 /* AFJSONRequestOperation.m */,
				9364A21D1EBC97AE00337893 /* AFNetworkActivityIndicatorManager.h */,
				9364A21E1EBC97AE00337893 /* AFNetworkActivityIndicatorManager.m */,
				9364A21F1EBC97AE00337893 /* AFNetworking.h */,
				9364A2201EBC97AE00337893 /* AFPropertyListRequestOperation.h */,
				9364A2211EBC97AE00337893 /* AFPropertyListRequestOperation.m */,
				9364A2221EBC97AE00337893 /* AFURLConnectionOperation.h */,
				9364A2231EBC97AE00337893 /* AFURLConnectionOperation.m */,
				9364A2241EBC97AE00337893 /* AFXMLRequestOperation.h */,
				9364A2251EBC97AE00337893 /* AFXMLRequestOperation.m */,
			);
			name = AFNetworking;
			sourceTree = "<group>";
		};
		93A9FCC41EB5B87E00F49C5A /* Images */ = {
			isa = PBXGroup;
			children = (
				9364A1EF1EB8A6E300337893 /* Tab Images */,
				9364A1E11EB89C6B00337893 /* activity@2x.png */,
				9364A1D31EB899F200337893 /* addKids@2x.png */,
				9364A1E31EB89DAD00337893 /* addSchool-black-Active@2x.png */,
				9364A1E41EB89DAD00337893 /* addSchool-black@2x.png */,
				9364A1D51EB89A2300337893 /* Add-Circle@2x.png */,
				9397090B1EC718B000099774 /* CheckMark@2x.png */,
				9397090D1EC71FC100099774 /* check-box-empty@2x.png */,
				93B9B4D91EE811E400DA9E2D /* checkIcon@2x.png */,
				9364A1E71EB89DCD00337893 /* confirmSchool-black-Active@2x.png */,
				9364A1E81EB89DCD00337893 /* confirmSchool-black@2x.png */,
				9364A1EB1EB89EE500337893 /* confirm-pswd@2x.png */,
				93016C341EEBEF3A00769B70 /* confirm-setpin@2x.png */,
				9364A1ED1EB89EF100337893 /* email@2x.png */,
				9364A1D91EB89A9B00337893 /* Kid-Profile-Blue@2x.png */,
				9364A1DB1EB89B3600337893 /* Kid-Profile-Black@2x.png */,
				9364A1CD1EB891A700337893 /* Logo_for_App@2x.png */,
				9364A1D71EB89A6D00337893 /* List-of-Kids@2x.png */,
				9364A1DD1EB89BE700337893 /* List-of-Schools@2x.png */,
				9364A1DF1EB89C2500337893 /* List-of-Schools-Black@2x.png */,
				93016C331EEBEF3A00769B70 /* mobile@2x.png */,
				93A9FCF81EB7077600F49C5A /* downArrow@2x.png */,
				93A9FCED1EB61E6900F49C5A /* SchoolPlaceHolder@2x.png */,
				93A9FCC51EB5B89100F49C5A /* check-box@2x.png */,
				93A9FCC61EB5B89100F49C5A /* black-check-box@2x.png */,
				93A9FCC11EB5A36D00F49C5A /* Person@2x.png */,
				9364A1CF1EB8947E00337893 /* pswd@2x.png */,
				93016C321EEBEF3A00769B70 /* setpin@2x.png */,
				9364A1D01EB8947E00337893 /* user@2x.png */,
			);
			name = Images;
			sourceTree = "<group>";
		};
		93A9FCCF1EB608EE00F49C5A /* Views */ = {
			isa = PBXGroup;
			children = (
				9364A2111EBC978300337893 /* ProgressHUD.h */,
				9364A2121EBC978300337893 /* ProgressHUD.m */,
				93A9FCD01EB6091C00F49C5A /* SchoolsListTableViewCell.h */,
				93A9FCD11EB6091C00F49C5A /* SchoolsListTableViewCell.m */,
				93A9FCEF1EB6EB1900F49C5A /* AlertMessage.h */,
				93A9FCF01EB6EB1900F49C5A /* AlertMessage.m */,
				93A9FCF51EB7039E00F49C5A /* KidsListTableViewCell.h */,
				93A9FCF61EB7039E00F49C5A /* KidsListTableViewCell.m */,
				93A9FD001EB7575300F49C5A /* ActivitySectionHeaderView.h */,
				93A9FD011EB7575300F49C5A /* ActivitySectionHeaderView.m */,
				93A9FD031EB7576500F49C5A /* ActivitySectionHeaderView.xib */,
				93A9FD051EB75EDE00F49C5A /* ActivitiesListTableViewCell.h */,
				93A9FD061EB75EDE00F49C5A /* ActivitiesListTableViewCell.m */,
				93A9FD081EB7765C00F49C5A /* MessagesListTableViewCell.h */,
				93A9FD091EB7765C00F49C5A /* MessagesListTableViewCell.m */,
			);
			name = Views;
			sourceTree = "<group>";
		};
		93A9FCE81EB609B700F49C5A /* Schools */ = {
			isa = PBXGroup;
			children = (
				93A9FCD91EB6096400F49C5A /* SchoolsViewController.h */,
				93A9FCDA1EB6096400F49C5A /* SchoolsViewController.m */,
				93A9FCE21EB609A300F49C5A /* SchoolsListViewController.h */,
				93A9FCE31EB609A300F49C5A /* SchoolsListViewController.m */,
				93A9FCE51EB609B300F49C5A /* AddSchoolViewController.h */,
				93A9FCE61EB609B300F49C5A /* AddSchoolViewController.m */,
			);
			name = Schools;
			sourceTree = "<group>";
		};
		93A9FCE91EB60A1100F49C5A /* Kids */ = {
			isa = PBXGroup;
			children = (
				93A9FCD61EB6094B00F49C5A /* KidsViewController.h */,
				93A9FCD71EB6094B00F49C5A /* KidsViewController.m */,
				93A9FCF21EB702FD00F49C5A /* KidsListViewController.h */,
				93A9FCF31EB702FD00F49C5A /* KidsListViewController.m */,
				93A9FCFA1EB70F6900F49C5A /* AddKidViewController.h */,
				93A9FCFB1EB70F6900F49C5A /* AddKidViewController.m */,
				931053801EC9A8540032AFC5 /* NewKidViewController.h */,
				931053811EC9A8550032AFC5 /* NewKidViewController.m */,
			);
			name = Kids;
			sourceTree = "<group>";
		};
		93A9FCEA1EB60A1E00F49C5A /* Activities */ = {
			isa = PBXGroup;
			children = (
				93A9FCDC1EB6097500F49C5A /* ActivitiesViewController.h */,
				93A9FCDD1EB6097500F49C5A /* ActivitiesViewController.m */,
				93A9FCFD1EB7484A00F49C5A /* ActivitiesListViewController.h */,
				93A9FCFE1EB7484A00F49C5A /* ActivitiesListViewController.m */,
				9364A1F81EB8B4ED00337893 /* KidsInActivityViewController.h */,
				9364A1F91EB8B4ED00337893 /* KidsInActivityViewController.m */,
			);
			name = Activities;
			sourceTree = "<group>";
		};
		93A9FCEB1EB60A2D00F49C5A /* Messages */ = {
			isa = PBXGroup;
			children = (
				93A9FCDF1EB6098900F49C5A /* MessageViewController.h */,
				93A9FCE01EB6098900F49C5A /* MessageViewController.m */,
			);
			name = Messages;
			sourceTree = "<group>";
		};
		93A9FCEC1EB60A4700F49C5A /* LoginAndRegistration */ = {
			isa = PBXGroup;
			children = (
				9360EAB11EE2D9EF00ABFAC2 /* EnterPin */,
				936136F21EB58C1C00ABC921 /* LoginViewController.h */,
				936136F31EB58C1C00ABC921 /* LoginViewController.m */,
				93A9FCC91EB5DD1600F49C5A /* RegisterViewController.h */,
				93A9FCCA1EB5DD1600F49C5A /* RegisterViewController.m */,
				93A9FCCC1EB5EFA600F49C5A /* MpinViewController.h */,
				93A9FCCD1EB5EFA600F49C5A /* MpinViewController.m */,
				9360EAAE1EE2D97F00ABFAC2 /* EnterPinViewController.h */,
				9360EAAF1EE2D97F00ABFAC2 /* EnterPinViewController.m */,
			);
			name = LoginAndRegistration;
			sourceTree = "<group>";
		};
/* End PBXGroup section */

/* Begin PBXNativeTarget section */
		936136BA1EB4F99400ABC921 /* SSA */ = {
			isa = PBXNativeTarget;
			buildConfigurationList = 936136E81EB4F99800ABC921 /* Build configuration list for PBXNativeTarget "SSA" */;
			buildPhases = (
				936136B71EB4F99400ABC921 /* Sources */,
				936136B81EB4F99400ABC921 /* Frameworks */,
				936136B91EB4F99400ABC921 /* Resources */,
			);
			buildRules = (
			);
			dependencies = (
			);
			name = SSA;
			productName = SSA;
			productReference = 936136BB1EB4F99400ABC921 /* SSA.app */;
			productType = "com.apple.product-type.application";
		};
		936136D31EB4F99700ABC921 /* SSATests */ = {
			isa = PBXNativeTarget;
			buildConfigurationList = 936136EB1EB4F99800ABC921 /* Build configuration list for PBXNativeTarget "SSATests" */;
			buildPhases = (
				936136D01EB4F99700ABC921 /* Sources */,
				936136D11EB4F99700ABC921 /* Frameworks */,
				936136D21EB4F99700ABC921 /* Resources */,
			);
			buildRules = (
			);
			dependencies = (
				936136D61EB4F99700ABC921 /* PBXTargetDependency */,
			);
			name = SSATests;
			productName = SSATests;
			productReference = 936136D41EB4F99700ABC921 /* SSATests.xctest */;
			productType = "com.apple.product-type.bundle.unit-test";
		};
		936136DE1EB4F99700ABC921 /* SSAUITests */ = {
			isa = PBXNativeTarget;
			buildConfigurationList = 936136EE1EB4F99800ABC921 /* Build configuration list for PBXNativeTarget "SSAUITests" */;
			buildPhases = (
				936136DB1EB4F99700ABC921 /* Sources */,
				936136DC1EB4F99700ABC921 /* Frameworks */,
				936136DD1EB4F99700ABC921 /* Resources */,
			);
			buildRules = (
			);
			dependencies = (
				936136E11EB4F99800ABC921 /* PBXTargetDependency */,
			);
			name = SSAUITests;
			productName = SSAUITests;
			productReference = 936136DF1EB4F99800ABC921 /* SSAUITests.xctest */;
			productType = "com.apple.product-type.bundle.ui-testing";
		};
/* End PBXNativeTarget section */

/* Begin PBXProject section */
		936136B31EB4F99300ABC921 /* Project object */ = {
			isa = PBXProject;
			attributes = {
				LastUpgradeCheck = 0830;
				ORGANIZATIONNAME = surya;
				TargetAttributes = {
					936136BA1EB4F99400ABC921 = {
						CreatedOnToolsVersion = 8.3.2;
						DevelopmentTeam = 6FYR357YZ8;
						ProvisioningStyle = Manual;
					};
					936136D31EB4F99700ABC921 = {
						CreatedOnToolsVersion = 8.3.2;
						ProvisioningStyle = Automatic;
						TestTargetID = 936136BA1EB4F99400ABC921;
					};
					936136DE1EB4F99700ABC921 = {
						CreatedOnToolsVersion = 8.3.2;
						ProvisioningStyle = Automatic;
						TestTargetID = 936136BA1EB4F99400ABC921;
					};
				};
			};
			buildConfigurationList = 936136B61EB4F99300ABC921 /* Build configuration list for PBXProject "SSA" */;
			compatibilityVersion = "Xcode 3.2";
			developmentRegion = English;
			hasScannedForEncodings = 0;
			knownRegions = (
				en,
				Base,
			);
			mainGroup = 936136B21EB4F99300ABC921;
			productRefGroup = 936136BC1EB4F99400ABC921 /* Products */;
			projectDirPath = "";
			projectRoot = "";
			targets = (
				936136BA1EB4F99400ABC921 /* SSA */,
				936136D31EB4F99700ABC921 /* SSATests */,
				936136DE1EB4F99700ABC921 /* SSAUITests */,
			);
		};
/* End PBXProject section */

/* Begin PBXResourcesBuildPhase section */
		936136B91EB4F99400ABC921 /* Resources */ = {
			isa = PBXResourcesBuildPhase;
			buildActionMask = 2147483647;
			files = (
				9364A1D41EB899F200337893 /* addKids@2x.png in Resources */,
				93A9FCF91EB7077600F49C5A /* downArrow@2x.png in Resources */,
				93A9FD041EB7576500F49C5A /* ActivitySectionHeaderView.xib in Resources */,
				93016C351EEBEF3A00769B70 /* setpin@2x.png in Resources */,
				9397090E1EC71FC100099774 /* check-box-empty@2x.png in Resources */,
				9364A1DC1EB89B3600337893 /* Kid-Profile-Black@2x.png in Resources */,
				9364A1E51EB89DAD00337893 /* addSchool-black-Active@2x.png in Resources */,
				9364A1D81EB89A6D00337893 /* List-of-Kids@2x.png in Resources */,
				936136CE1EB4F99600ABC921 /* LaunchScreen.storyboard in Resources */,
				9364A1EA1EB89DCD00337893 /* confirmSchool-black@2x.png in Resources */,
				9364A1D21EB8947E00337893 /* user@2x.png in Resources */,
				9364A1CE1EB891A700337893 /* Logo_for_App@2x.png in Resources */,
				9364A1E91EB89DCD00337893 /* confirmSchool-black-Active@2x.png in Resources */,
				9364A1D61EB89A2300337893 /* Add-Circle@2x.png in Resources */,
				9364A1E61EB89DAD00337893 /* addSchool-black@2x.png in Resources */,
				9364A1DE1EB89BE700337893 /* List-of-Schools@2x.png in Resources */,
				9364A1EC1EB89EE500337893 /* confirm-pswd@2x.png in Resources */,
				93A9FCC81EB5B89100F49C5A /* black-check-box@2x.png in Resources */,
				9364A1FF1EB8B6BD00337893 /* schools-blue@2x.png in Resources */,
				93B9B4DA1EE811E400DA9E2D /* checkIcon@2x.png in Resources */,
				93A9FCC21EB5A36D00F49C5A /* Person@2x.png in Resources */,
				93A9FCC71EB5B89100F49C5A /* check-box@2x.png in Resources */,
				93016C361EEBEF3A00769B70 /* mobile@2x.png in Resources */,
				9397090C1EC718B000099774 /* CheckMark@2x.png in Resources */,
				93016C371EEBEF3A00769B70 /* confirm-setpin@2x.png in Resources */,
				9364A1E01EB89C2500337893 /* List-of-Schools-Black@2x.png in Resources */,
				93016C391EEBF10E00769B70 /* kids-blue@2x.png in Resources */,
				936136CB1EB4F99600ABC921 /* Assets.xcassets in Resources */,
				9364A2021EB8B6BD00337893 /* activities-blue@2x.png in Resources */,
				9364A1D11EB8947E00337893 /* pswd@2x.png in Resources */,
				9360EAC61EE2DA0C00ABFAC2 /* THPinViewController.bundle in Resources */,
				93A9FCEE1EB61E6900F49C5A /* SchoolPlaceHolder@2x.png in Resources */,
				9364A1E21EB89C6B00337893 /* activity@2x.png in Resources */,
				936136C91EB4F99600ABC921 /* Main.storyboard in Resources */,
				9364A1DA1EB89A9B00337893 /* Kid-Profile-Blue@2x.png in Resources */,
				9364A2001EB8B6BD00337893 /* messages-blue@2x.png in Resources */,
				9364A1EE1EB89EF100337893 /* email@2x.png in Resources */,
			);
			runOnlyForDeploymentPostprocessing = 0;
		};
		936136D21EB4F99700ABC921 /* Resources */ = {
			isa = PBXResourcesBuildPhase;
			buildActionMask = 2147483647;
			files = (
			);
			runOnlyForDeploymentPostprocessing = 0;
		};
		936136DD1EB4F99700ABC921 /* Resources */ = {
			isa = PBXResourcesBuildPhase;
			buildActionMask = 2147483647;
			files = (
			);
			runOnlyForDeploymentPostprocessing = 0;
		};
/* End PBXResourcesBuildPhase section */

/* Begin PBXSourcesBuildPhase section */
		936136B71EB4F99400ABC921 /* Sources */ = {
			isa = PBXSourcesBuildPhase;
			buildActionMask = 2147483647;
			files = (
				9364A2271EBC97AE00337893 /* AFHTTPRequestOperation.m in Sources */,
				9360EAC71EE2DA0C00ABFAC2 /* THPinViewController.m in Sources */,
				93A9FCE71EB609B300F49C5A /* AddSchoolViewController.m in Sources */,
				93A9FCFC1EB70F6900F49C5A /* AddKidViewController.m in Sources */,
				9364A2301EBC97D000337893 /* Parse.m in Sources */,
				9397090A1EC5F54E00099774 /* ObjectManager.m in Sources */,
				93A9FCE41EB609A300F49C5A /* SchoolsListViewController.m in Sources */,
				9364A22D1EBC97AE00337893 /* AFXMLRequestOperation.m in Sources */,
				93A9FCF71EB7039E00F49C5A /* KidsListTableViewCell.m in Sources */,
				936136C31EB4F99500ABC921 /* AppDelegate.m in Sources */,
				9364A2331EBDE3E200337893 /* Utility.m in Sources */,
				9360EACE1EE6C5BD00ABFAC2 /* BaseViewController.m in Sources */,
				9364A2281EBC97AE00337893 /* AFImageRequestOperation.m in Sources */,
				9364A2261EBC97AE00337893 /* AFHTTPClient.m in Sources */,
				9364A22C1EBC97AE00337893 /* AFURLConnectionOperation.m in Sources */,
				9364A22B1EBC97AE00337893 /* AFPropertyListRequestOperation.m in Sources */,
				9360EAC31EE2DA0C00ABFAC2 /* THPinNumButton.m in Sources */,
				93A9FCD81EB6094B00F49C5A /* KidsViewController.m in Sources */,
				931053851EC9C25A0032AFC5 /* StartViewController.m in Sources */,
				9364A2131EBC978300337893 /* ProgressHUD.m in Sources */,
				9364A2291EBC97AE00337893 /* AFJSONRequestOperation.m in Sources */,
				9360EAC41EE2DA0C00ABFAC2 /* THPinNumPadView.m in Sources */,
				93A9FCDE1EB6097500F49C5A /* ActivitiesViewController.m in Sources */,
				9360EAC21EE2DA0C00ABFAC2 /* THPinInputCircleView.m in Sources */,
				9364A22A1EBC97AE00337893 /* AFNetworkActivityIndicatorManager.m in Sources */,
				936136C01EB4F99500ABC921 /* main.m in Sources */,
				9364A2101EBC977000337893 /* ServiceModel.m in Sources */,
				936136F41EB58C1C00ABC921 /* LoginViewController.m in Sources */,
				93A9FCDB1EB6096400F49C5A /* SchoolsViewController.m in Sources */,
				93A9FD021EB7575300F49C5A /* ActivitySectionHeaderView.m in Sources */,
				93A9FCF11EB6EB1A00F49C5A /* AlertMessage.m in Sources */,
				931053821EC9A8550032AFC5 /* NewKidViewController.m in Sources */,
				9346AB251EBF273B004B4396 /* Reachability.m in Sources */,
				93A9FCFF1EB7484A00F49C5A /* ActivitiesListViewController.m in Sources */,
				9360EAC11EE2DA0C00ABFAC2 /* THPinInputCirclesView.m in Sources */,
				9364A1FA1EB8B4ED00337893 /* KidsInActivityViewController.m in Sources */,
				93A9FCF41EB702FD00F49C5A /* KidsListViewController.m in Sources */,
				9364A1CC1EB8849F00337893 /* SharedManager.m in Sources */,
				9360EAC51EE2DA0C00ABFAC2 /* THPinView.m in Sources */,
				9360EAC81EE2DA0C00ABFAC2 /* UIImage+ImageEffects.m in Sources */,
				93A9FCE11EB6098900F49C5A /* MessageViewController.m in Sources */,
				93A9FD071EB75EDE00F49C5A /* ActivitiesListTableViewCell.m in Sources */,
				9360EAB01EE2D98000ABFAC2 /* EnterPinViewController.m in Sources */,
				93A9FCCE1EB5EFA600F49C5A /* MpinViewController.m in Sources */,
				93A9FD0A1EB7765C00F49C5A /* MessagesListTableViewCell.m in Sources */,
				93A9FCCB1EB5DD1600F49C5A /* RegisterViewController.m in Sources */,
				93A9FCD21EB6091C00F49C5A /* SchoolsListTableViewCell.m in Sources */,
			);
			runOnlyForDeploymentPostprocessing = 0;
		};
		936136D01EB4F99700ABC921 /* Sources */ = {
			isa = PBXSourcesBuildPhase;
			buildActionMask = 2147483647;
			files = (
				936136D91EB4F99700ABC921 /* SSATests.m in Sources */,
			);
			runOnlyForDeploymentPostprocessing = 0;
		};
		936136DB1EB4F99700ABC921 /* Sources */ = {
			isa = PBXSourcesBuildPhase;
			buildActionMask = 2147483647;
			files = (
				936136E41EB4F99800ABC921 /* SSAUITests.m in Sources */,
			);
			runOnlyForDeploymentPostprocessing = 0;
		};
/* End PBXSourcesBuildPhase section */

/* Begin PBXTargetDependency section */
		936136D61EB4F99700ABC921 /* PBXTargetDependency */ = {
			isa = PBXTargetDependency;
			target = 936136BA1EB4F99400ABC921 /* SSA */;
			targetProxy = 936136D51EB4F99700ABC921 /* PBXContainerItemProxy */;
		};
		936136E11EB4F99800ABC921 /* PBXTargetDependency */ = {
			isa = PBXTargetDependency;
			target = 936136BA1EB4F99400ABC921 /* SSA */;
			targetProxy = 936136E01EB4F99800ABC921 /* PBXContainerItemProxy */;
		};
/* End PBXTargetDependency section */

/* Begin PBXVariantGroup section */
		936136C71EB4F99600ABC921 /* Main.storyboard */ = {
			isa = PBXVariantGroup;
			children = (
				936136C81EB4F99600ABC921 /* Base */,
			);
			name = Main.storyboard;
			sourceTree = "<group>";
		};
		936136CC1EB4F99600ABC921 /* LaunchScreen.storyboard */ = {
			isa = PBXVariantGroup;
			children = (
				936136CD1EB4F99600ABC921 /* Base */,
			);
			name = LaunchScreen.storyboard;
			sourceTree = "<group>";
		};
/* End PBXVariantGroup section */

/* Begin XCBuildConfiguration section */
		936136E61EB4F99800ABC921 /* Debug */ = {
			isa = XCBuildConfiguration;
			buildSettings = {
				ALWAYS_SEARCH_USER_PATHS = NO;
				CLANG_ANALYZER_NONNULL = YES;
				CLANG_ANALYZER_NUMBER_OBJECT_CONVERSION = YES_AGGRESSIVE;
				CLANG_CXX_LANGUAGE_STANDARD = "gnu++0x";
				CLANG_CXX_LIBRARY = "libc++";
				CLANG_ENABLE_MODULES = YES;
				CLANG_ENABLE_OBJC_ARC = YES;
				CLANG_WARN_BOOL_CONVERSION = YES;
				CLANG_WARN_CONSTANT_CONVERSION = YES;
				CLANG_WARN_DIRECT_OBJC_ISA_USAGE = YES_ERROR;
				CLANG_WARN_DOCUMENTATION_COMMENTS = YES;
				CLANG_WARN_EMPTY_BODY = YES;
				CLANG_WARN_ENUM_CONVERSION = YES;
				CLANG_WARN_INFINITE_RECURSION = YES;
				CLANG_WARN_INT_CONVERSION = YES;
				CLANG_WARN_OBJC_ROOT_CLASS = YES_ERROR;
				CLANG_WARN_SUSPICIOUS_MOVE = YES;
				CLANG_WARN_UNREACHABLE_CODE = YES;
				CLANG_WARN__DUPLICATE_METHOD_MATCH = YES;
				"CODE_SIGN_IDENTITY[sdk=iphoneos*]" = "iPhone Developer";
				COPY_PHASE_STRIP = NO;
				DEBUG_INFORMATION_FORMAT = dwarf;
				ENABLE_STRICT_OBJC_MSGSEND = YES;
				ENABLE_TESTABILITY = YES;
				GCC_C_LANGUAGE_STANDARD = gnu99;
				GCC_DYNAMIC_NO_PIC = NO;
				GCC_NO_COMMON_BLOCKS = YES;
				GCC_OPTIMIZATION_LEVEL = 0;
				GCC_PREPROCESSOR_DEFINITIONS = (
					"DEBUG=1",
					"$(inherited)",
				);
				GCC_WARN_64_TO_32_BIT_CONVERSION = YES;
				GCC_WARN_ABOUT_RETURN_TYPE = YES_ERROR;
				GCC_WARN_UNDECLARED_SELECTOR = YES;
				GCC_WARN_UNINITIALIZED_AUTOS = YES_AGGRESSIVE;
				GCC_WARN_UNUSED_FUNCTION = YES;
				GCC_WARN_UNUSED_VARIABLE = YES;
				IPHONEOS_DEPLOYMENT_TARGET = 10.3;
				MTL_ENABLE_DEBUG_INFO = YES;
				ONLY_ACTIVE_ARCH = YES;
				SDKROOT = iphoneos;
			};
			name = Debug;
		};
		936136E71EB4F99800ABC921 /* Release */ = {
			isa = XCBuildConfiguration;
			buildSettings = {
				ALWAYS_SEARCH_USER_PATHS = NO;
				CLANG_ANALYZER_NONNULL = YES;
				CLANG_ANALYZER_NUMBER_OBJECT_CONVERSION = YES_AGGRESSIVE;
				CLANG_CXX_LANGUAGE_STANDARD = "gnu++0x";
				CLANG_CXX_LIBRARY = "libc++";
				CLANG_ENABLE_MODULES = YES;
				CLANG_ENABLE_OBJC_ARC = YES;
				CLANG_WARN_BOOL_CONVERSION = YES;
				CLANG_WARN_CONSTANT_CONVERSION = YES;
				CLANG_WARN_DIRECT_OBJC_ISA_USAGE = YES_ERROR;
				CLANG_WARN_DOCUMENTATION_COMMENTS = YES;
				CLANG_WARN_EMPTY_BODY = YES;
				CLANG_WARN_ENUM_CONVERSION = YES;
				CLANG_WARN_INFINITE_RECURSION = YES;
				CLANG_WARN_INT_CONVERSION = YES;
				CLANG_WARN_OBJC_ROOT_CLASS = YES_ERROR;
				CLANG_WARN_SUSPICIOUS_MOVE = YES;
				CLANG_WARN_UNREACHABLE_CODE = YES;
				CLANG_WARN__DUPLICATE_METHOD_MATCH = YES;
				"CODE_SIGN_IDENTITY[sdk=iphoneos*]" = "iPhone Developer";
				COPY_PHASE_STRIP = NO;
				DEBUG_INFORMATION_FORMAT = "dwarf-with-dsym";
				ENABLE_NS_ASSERTIONS = NO;
				ENABLE_STRICT_OBJC_MSGSEND = YES;
				GCC_C_LANGUAGE_STANDARD = gnu99;
				GCC_NO_COMMON_BLOCKS = YES;
				GCC_WARN_64_TO_32_BIT_CONVERSION = YES;
				GCC_WARN_ABOUT_RETURN_TYPE = YES_ERROR;
				GCC_WARN_UNDECLARED_SELECTOR = YES;
				GCC_WARN_UNINITIALIZED_AUTOS = YES_AGGRESSIVE;
				GCC_WARN_UNUSED_FUNCTION = YES;
				GCC_WARN_UNUSED_VARIABLE = YES;
				IPHONEOS_DEPLOYMENT_TARGET = 10.3;
				MTL_ENABLE_DEBUG_INFO = NO;
				SDKROOT = iphoneos;
				VALIDATE_PRODUCT = YES;
			};
			name = Release;
		};
		936136E91EB4F99800ABC921 /* Debug */ = {
			isa = XCBuildConfiguration;
			buildSettings = {
				ASSETCATALOG_COMPILER_APPICON_NAME = AppIcon;
				DEVELOPMENT_TEAM = 6FYR357YZ8;
				INFOPLIST_FILE = SSA/Info.plist;
				LD_RUNPATH_SEARCH_PATHS = "$(inherited) @executable_path/Frameworks";
				PRODUCT_BUNDLE_IDENTIFIER = com.ivbplus.smartschoolapp;
				PRODUCT_NAME = "$(TARGET_NAME)";
				PROVISIONING_PROFILE = "a67d1571-b05e-4ca6-b55c-c73b752fa461";
				PROVISIONING_PROFILE_SPECIFIER = SchoolAppDevProfile;
			};
			name = Debug;
		};
		936136EA1EB4F99800ABC921 /* Release */ = {
			isa = XCBuildConfiguration;
			buildSettings = {
				ASSETCATALOG_COMPILER_APPICON_NAME = AppIcon;
				"CODE_SIGN_IDENTITY[sdk=iphoneos*]" = "iPhone Distribution";
				DEVELOPMENT_TEAM = 6FYR357YZ8;
				INFOPLIST_FILE = SSA/Info.plist;
				LD_RUNPATH_SEARCH_PATHS = "$(inherited) @executable_path/Frameworks";
				PRODUCT_BUNDLE_IDENTIFIER = com.ivbplus.smartschoolapp;
				PRODUCT_NAME = "$(TARGET_NAME)";
				PROVISIONING_PROFILE = "156ea230-fe6d-4022-b443-e2eaf4a16e14";
				PROVISIONING_PROFILE_SPECIFIER = "SchoolAppAdhocProfile15-05-2017";
			};
			name = Release;
		};
		936136EC1EB4F99800ABC921 /* Debug */ = {
			isa = XCBuildConfiguration;
			buildSettings = {
				BUNDLE_LOADER = "$(TEST_HOST)";
				INFOPLIST_FILE = SSATests/Info.plist;
				LD_RUNPATH_SEARCH_PATHS = "$(inherited) @executable_path/Frameworks @loader_path/Frameworks";
				PRODUCT_BUNDLE_IDENTIFIER = com.surya.SSATests;
				PRODUCT_NAME = "$(TARGET_NAME)";
				TEST_HOST = "$(BUILT_PRODUCTS_DIR)/SSA.app/SSA";
			};
			name = Debug;
		};
		936136ED1EB4F99800ABC921 /* Release */ = {
			isa = XCBuildConfiguration;
			buildSettings = {
				BUNDLE_LOADER = "$(TEST_HOST)";
				INFOPLIST_FILE = SSATests/Info.plist;
				LD_RUNPATH_SEARCH_PATHS = "$(inherited) @executable_path/Frameworks @loader_path/Frameworks";
				PRODUCT_BUNDLE_IDENTIFIER = com.surya.SSATests;
				PRODUCT_NAME = "$(TARGET_NAME)";
				TEST_HOST = "$(BUILT_PRODUCTS_DIR)/SSA.app/SSA";
			};
			name = Release;
		};
		936136EF1EB4F99800ABC921 /* Debug */ = {
			isa = XCBuildConfiguration;
			buildSettings = {
				INFOPLIST_FILE = SSAUITests/Info.plist;
				LD_RUNPATH_SEARCH_PATHS = "$(inherited) @executable_path/Frameworks @loader_path/Frameworks";
				PRODUCT_BUNDLE_IDENTIFIER = com.surya.SSAUITests;
				PRODUCT_NAME = "$(TARGET_NAME)";
				TEST_TARGET_NAME = SSA;
			};
			name = Debug;
		};
		936136F01EB4F99800ABC921 /* Release */ = {
			isa = XCBuildConfiguration;
			buildSettings = {
				INFOPLIST_FILE = SSAUITests/Info.plist;
				LD_RUNPATH_SEARCH_PATHS = "$(inherited) @executable_path/Frameworks @loader_path/Frameworks";
				PRODUCT_BUNDLE_IDENTIFIER = com.surya.SSAUITests;
				PRODUCT_NAME = "$(TARGET_NAME)";
				TEST_TARGET_NAME = SSA;
			};
			name = Release;
		};
/* End XCBuildConfiguration section */

/* Begin XCConfigurationList section */
		936136B61EB4F99300ABC921 /* Build configuration list for PBXProject "SSA" */ = {
			isa = XCConfigurationList;
			buildConfigurations = (
				936136E61EB4F99800ABC921 /* Debug */,
				936136E71EB4F99800ABC921 /* Release */,
			);
			defaultConfigurationIsVisible = 0;
			defaultConfigurationName = Release;
		};
		936136E81EB4F99800ABC921 /* Build configuration list for PBXNativeTarget "SSA" */ = {
			isa = XCConfigurationList;
			buildConfigurations = (
				936136E91EB4F99800ABC921 /* Debug */,
				936136EA1EB4F99800ABC921 /* Release */,
			);
			defaultConfigurationIsVisible = 0;
			defaultConfigurationName = Release;
		};
		936136EB1EB4F99800ABC921 /* Build configuration list for PBXNativeTarget "SSATests" */ = {
			isa = XCConfigurationList;
			buildConfigurations = (
				936136EC1EB4F99800ABC921 /* Debug */,
				936136ED1EB4F99800ABC921 /* Release */,
			);
			defaultConfigurationIsVisible = 0;
			defaultConfigurationName = Release;
		};
		936136EE1EB4F99800ABC921 /* Build configuration list for PBXNativeTarget "SSAUITests" */ = {
			isa = XCConfigurationList;
			buildConfigurations = (
				936136EF1EB4F99800ABC921 /* Debug */,
				936136F01EB4F99800ABC921 /* Release */,
			);
			defaultConfigurationIsVisible = 0;
			defaultConfigurationName = Release;
		};
/* End XCConfigurationList section */
	};
	rootObject = 936136B31EB4F99300ABC921 /* Project object */;
}
